
Microsoft Visual Studio Solution File, Format Version 12.00
Project("{2150E333-8FDC-42A3-9474-1A3956D46DE8}") = "src", "src", "{B2E94C00-7746-49D0-89E1-033613798D07}"
EndProject
Project("{2150E333-8FDC-42A3-9474-1A3956D46DE8}") = "test", "test", "{67A0FE1A-B369-4EC1-B245-7C904E6A78F5}"
EndProject
Project("{FAE04EC0-301F-11D3-BF4B-00C04F79EFBC}") = "Orleans.EventSourcing.EventStorage", "src\Orleans.EventSourcing.EventStorage\Orleans.EventSourcing.EventStorage.csproj", "{D44E30A2-8717-42F0-841C-B17F53739ACB}"
EndProject
Project("{FAE04EC0-301F-11D3-BF4B-00C04F79EFBC}") = "Orleans.EventSourcing.EventStorage.Tests", "test\Orleans.EventSourcing.EventStorage.Tests\Orleans.EventSourcing.EventStorage.Tests.csproj", "{304FA6A6-6867-440A-92FC-1622A31A5006}"
EndProject
Project("{2150E333-8FDC-42A3-9474-1A3956D46DE8}") = "samples", "samples", "{18A1DDF5-1352-4D4E-A08D-DAF3F9AD5F84}"
EndProject
Project("{FAE04EC0-301F-11D3-BF4B-00C04F79EFBC}") = "Orleans.EventSourcing.EventStorage.Memory", "src\Orleans.EventSourcing.EventStorage.Memory\Orleans.EventSourcing.EventStorage.Memory.csproj", "{42CFEEAC-1025-4F4E-85BE-1C35FBB97AEF}"
EndProject
Project("{FAE04EC0-301F-11D3-BF4B-00C04F79EFBC}") = "Orleans.EventSourcing.EventStorage.EventStore", "src\Orleans.EventSourcing.EventStorage.EventStore\Orleans.EventSourcing.EventStorage.EventStore.csproj", "{6212E8FA-0132-445F-8922-3F2B90FFEE46}"
EndProject
Project("{FAE04EC0-301F-11D3-BF4B-00C04F79EFBC}") = "Orleans.EventSourcing.EventStorage.Memory.Tests", "test\Orleans.EventSourcing.EventStorage.Memory.Tests\Orleans.EventSourcing.EventStorage.Memory.Tests.csproj", "{878BDAC6-4BCC-4E2A-B4A1-099B8202B22F}"
EndProject
Global
	GlobalSection(SolutionConfigurationPlatforms) = preSolution
		Debug|Any CPU = Debug|Any CPU
		Release|Any CPU = Release|Any CPU
	EndGlobalSection
	GlobalSection(NestedProjects) = preSolution
		{D44E30A2-8717-42F0-841C-B17F53739ACB} = {B2E94C00-7746-49D0-89E1-033613798D07}
		{304FA6A6-6867-440A-92FC-1622A31A5006} = {67A0FE1A-B369-4EC1-B245-7C904E6A78F5}
		{42CFEEAC-1025-4F4E-85BE-1C35FBB97AEF} = {B2E94C00-7746-49D0-89E1-033613798D07}
		{6212E8FA-0132-445F-8922-3F2B90FFEE46} = {B2E94C00-7746-49D0-89E1-033613798D07}
		{878BDAC6-4BCC-4E2A-B4A1-099B8202B22F} = {67A0FE1A-B369-4EC1-B245-7C904E6A78F5}
	EndGlobalSection
	GlobalSection(ProjectConfigurationPlatforms) = postSolution
		{D44E30A2-8717-42F0-841C-B17F53739ACB}.Debug|Any CPU.ActiveCfg = Debug|Any CPU
		{D44E30A2-8717-42F0-841C-B17F53739ACB}.Debug|Any CPU.Build.0 = Debug|Any CPU
		{D44E30A2-8717-42F0-841C-B17F53739ACB}.Release|Any CPU.ActiveCfg = Release|Any CPU
		{D44E30A2-8717-42F0-841C-B17F53739ACB}.Release|Any CPU.Build.0 = Release|Any CPU
		{304FA6A6-6867-440A-92FC-1622A31A5006}.Debug|Any CPU.ActiveCfg = Debug|Any CPU
		{304FA6A6-6867-440A-92FC-1622A31A5006}.Debug|Any CPU.Build.0 = Debug|Any CPU
		{304FA6A6-6867-440A-92FC-1622A31A5006}.Release|Any CPU.ActiveCfg = Release|Any CPU
		{304FA6A6-6867-440A-92FC-1622A31A5006}.Release|Any CPU.Build.0 = Release|Any CPU
		{42CFEEAC-1025-4F4E-85BE-1C35FBB97AEF}.Debug|Any CPU.ActiveCfg = Debug|Any CPU
		{42CFEEAC-1025-4F4E-85BE-1C35FBB97AEF}.Debug|Any CPU.Build.0 = Debug|Any CPU
		{42CFEEAC-1025-4F4E-85BE-1C35FBB97AEF}.Release|Any CPU.ActiveCfg = Release|Any CPU
		{42CFEEAC-1025-4F4E-85BE-1C35FBB97AEF}.Release|Any CPU.Build.0 = Release|Any CPU
		{6212E8FA-0132-445F-8922-3F2B90FFEE46}.Debug|Any CPU.ActiveCfg = Debug|Any CPU
		{6212E8FA-0132-445F-8922-3F2B90FFEE46}.Debug|Any CPU.Build.0 = Debug|Any CPU
		{6212E8FA-0132-445F-8922-3F2B90FFEE46}.Release|Any CPU.ActiveCfg = Release|Any CPU
		{6212E8FA-0132-445F-8922-3F2B90FFEE46}.Release|Any CPU.Build.0 = Release|Any CPU
		{878BDAC6-4BCC-4E2A-B4A1-099B8202B22F}.Debug|Any CPU.ActiveCfg = Debug|Any CPU
		{878BDAC6-4BCC-4E2A-B4A1-099B8202B22F}.Debug|Any CPU.Build.0 = Debug|Any CPU
		{878BDAC6-4BCC-4E2A-B4A1-099B8202B22F}.Release|Any CPU.ActiveCfg = Release|Any CPU
		{878BDAC6-4BCC-4E2A-B4A1-099B8202B22F}.Release|Any CPU.Build.0 = Release|Any CPU
	EndGlobalSection
EndGlobal
